DEPENDENCIES
  chef

GRAPH
  apache2 (3.2.2)
  apt (4.0.2)
    compat_resource (>= 12.10)
  bluepill (3.0.0)
    rsyslog (>= 2.0)
  build-essential (6.0.6)
    compat_resource (>= 12.14)
    mingw (>= 1.1)
    seven_zip (>= 0.0.0)
  chef (0.99.9)
    apache2 (>= 0.0.0)
    bluepill (>= 0.0.0)
    chef-client (>= 0.0.0)
    chef-server (>= 0.0.0)
    couchdb (>= 0.0.0)
    daemontools (>= 0.0.0)
    java (>= 0.0.0)
    openssl (>= 0.0.0)
    runit (>= 0.0.0)
    xml (>= 0.0.0)
    zlib (>= 0.0.0)
  chef-client (6.0.0)
    cron (>= 1.7.0)
    logrotate (>= 1.9.0)
    windows (>= 1.42.0)
  chef-ingredient (0.21.0)
    compat_resource (>= 12.10)
  chef-server (5.1.0)
    chef-ingredient (>= 0.18.0)
  compat_resource (12.14.7)
  couchdb (2.5.2)
    erlang (>= 0.0.0)
    yum (~> 3.0)
    yum-epel (>= 0.0.0)
  cron (2.0.0)
  daemontools (1.5.0)
    build-essential (>= 0.0.0)
    pacman (>= 0.0.0)
  erlang (4.0.0)
    apt (>= 1.7.0)
    build-essential (>= 0.0.0)
    yum (~> 3.0)
    yum-epel (>= 0.0.0)
    yum-erlang_solutions (>= 0.0.0)
  homebrew (2.1.2)
    build-essential (>= 2.1.2)
  java (1.42.0)
    apt (>= 0.0.0)
    homebrew (>= 0.0.0)
    windows (>= 0.0.0)
  logrotate (2.1.0)
    compat_resource (>= 0.0.0)
  mingw (1.2.4)
    compat_resource (>= 0.0.0)
    seven_zip (>= 0.0.0)
  openssl (6.0.0)
  packagecloud (0.2.5)
  pacman (1.1.1)
  rsyslog (4.0.1)
    compat_resource (>= 0.0.0)
  runit (3.0.0)
    packagecloud (>= 0.0.0)
    yum-epel (>= 0.0.0)
  seven_zip (2.0.2)
    windows (>= 1.2.2)
  windows (2.0.2)
  xml (3.0.0)
    build-essential (>= 0.0.0)
  yum (3.13.0)
  yum-epel (1.0.1)
    yum (>= 3.6)
  yum-erlang_solutions (1.0.0)
    yum (>= 3.2)
    yum-epel (>= 0.0.0)
  zlib (2.0.2)
